// !$*UTF8*$!
{
	archiveVersion = 1;
	classes = {
	};
	objectVersion = 51;
	objects = {

/* Begin PBXBuildFile section */
		5D78FE1BC8B02765E3ABE5D9 /* Pods_BasicStartUpProject.framework in Frameworks */ = {isa = PBXBuildFile; fileRef = AA93BA7B11B79214BD2BA805 /* Pods_BasicStartUpProject.framework */; };
		C6992DC6230123FB00E8FCAA /* AppDelegate.swift in Sources */ = {isa = PBXBuildFile; fileRef = C6992DC5230123FB00E8FCAA /* AppDelegate.swift */; };
		C6992DE32301258D00E8FCAA /* ViewController.swift in Sources */ = {isa = PBXBuildFile; fileRef = C6992DDA2301258D00E8FCAA /* ViewController.swift */; };
		C6992DE42301258D00E8FCAA /* Assets.xcassets in Resources */ = {isa = PBXBuildFile; fileRef = C6992DDC2301258D00E8FCAA /* Assets.xcassets */; };
		C6992DE52301258D00E8FCAA /* LaunchScreen.storyboard in Resources */ = {isa = PBXBuildFile; fileRef = C6992DDF2301258D00E8FCAA /* LaunchScreen.storyboard */; };
		C6992DE62301258D00E8FCAA /* Main.storyboard in Resources */ = {isa = PBXBuildFile; fileRef = C6992DE12301258D00E8FCAA /* Main.storyboard */; };
		C6992DF3230125C800E8FCAA /* ArrayExtensions.swift in Sources */ = {isa = PBXBuildFile; fileRef = C6992DE8230125C800E8FCAA /* ArrayExtensions.swift */; };
		C6992DF4230125C800E8FCAA /* DateExtensions.swift in Sources */ = {isa = PBXBuildFile; fileRef = C6992DE9230125C800E8FCAA /* DateExtensions.swift */; };
		C6992DF5230125C800E8FCAA /* DictionaryExtensions.swift in Sources */ = {isa = PBXBuildFile; fileRef = C6992DEA230125C800E8FCAA /* DictionaryExtensions.swift */; };
		C6992DF6230125C800E8FCAA /* DoubleExtensions.swift in Sources */ = {isa = PBXBuildFile; fileRef = C6992DEB230125C800E8FCAA /* DoubleExtensions.swift */; };
		C6992DF7230125C800E8FCAA /* Extension.swift in Sources */ = {isa = PBXBuildFile; fileRef = C6992DEC230125C800E8FCAA /* Extension.swift */; };
		C6992DF8230125C800E8FCAA /* ExtensionImagePickerOption.swift in Sources */ = {isa = PBXBuildFile; fileRef = C6992DED230125C800E8FCAA /* ExtensionImagePickerOption.swift */; };
		C6992DF9230125C800E8FCAA /* FloatExtensions.swift in Sources */ = {isa = PBXBuildFile; fileRef = C6992DEE230125C800E8FCAA /* FloatExtensions.swift */; };
		C6992DFA230125C800E8FCAA /* IntExtensions.swift in Sources */ = {isa = PBXBuildFile; fileRef = C6992DEF230125C800E8FCAA /* IntExtensions.swift */; };
		C6992DFB230125C800E8FCAA /* OptionalExtensions.swift in Sources */ = {isa = PBXBuildFile; fileRef = C6992DF0230125C800E8FCAA /* OptionalExtensions.swift */; };
		C6992DFC230125C800E8FCAA /* StringExtensions.swift in Sources */ = {isa = PBXBuildFile; fileRef = C6992DF1230125C800E8FCAA /* StringExtensions.swift */; };
		C6992DFD230125C800E8FCAA /* ViewExtension.swift in Sources */ = {isa = PBXBuildFile; fileRef = C6992DF2230125C800E8FCAA /* ViewExtension.swift */; };
		C6992E092301266400E8FCAA /* Constants.swift in Sources */ = {isa = PBXBuildFile; fileRef = C6992E012301266400E8FCAA /* Constants.swift */; };
		C6992E0B2301266400E8FCAA /* Global.swift in Sources */ = {isa = PBXBuildFile; fileRef = C6992E032301266400E8FCAA /* Global.swift */; };
		C6992E0D2301266400E8FCAA /* PlaceholderTextView.swift in Sources */ = {isa = PBXBuildFile; fileRef = C6992E052301266400E8FCAA /* PlaceholderTextView.swift */; };
		C6992E0E2301266400E8FCAA /* Utility.swift in Sources */ = {isa = PBXBuildFile; fileRef = C6992E062301266400E8FCAA /* Utility.swift */; };
		C6992E15230130CF00E8FCAA /* LoginModel.swift in Sources */ = {isa = PBXBuildFile; fileRef = C6992E14230130CF00E8FCAA /* LoginModel.swift */; };
		C6992E1A2301359500E8FCAA /* ApiCall.swift in Sources */ = {isa = PBXBuildFile; fileRef = C6992E182301359400E8FCAA /* ApiCall.swift */; };
		C6992E1B2301359500E8FCAA /* MultiPart.swift in Sources */ = {isa = PBXBuildFile; fileRef = C6992E192301359400E8FCAA /* MultiPart.swift */; };
		C6992E1E23014D7E00E8FCAA /* LoginVC.swift in Sources */ = {isa = PBXBuildFile; fileRef = C6992E1D23014D7E00E8FCAA /* LoginVC.swift */; };
/* End PBXBuildFile section */

/* Begin PBXFileReference section */
		0AA98162D958A48D8B4AE2CB /* Pods-BasicStartUpProject.release.xcconfig */ = {isa = PBXFileReference; includeInIndex = 1; lastKnownFileType = text.xcconfig; name = "Pods-BasicStartUpProject.release.xcconfig"; path = "Pods/Target Support Files/Pods-BasicStartUpProject/Pods-BasicStartUpProject.release.xcconfig"; sourceTree = "<group>"; };
		AA93BA7B11B79214BD2BA805 /* Pods_BasicStartUpProject.framework */ = {isa = PBXFileReference; explicitFileType = wrapper.framework; includeInIndex = 0; path = Pods_BasicStartUpProject.framework; sourceTree = BUILT_PRODUCTS_DIR; };
		C6992DC2230123FB00E8FCAA /* BasicStartUpProject.app */ = {isa = PBXFileReference; explicitFileType = wrapper.application; includeInIndex = 0; path = BasicStartUpProject.app; sourceTree = BUILT_PRODUCTS_DIR; };
		C6992DC5230123FB00E8FCAA /* AppDelegate.swift */ = {isa = PBXFileReference; lastKnownFileType = sourcecode.swift; path = AppDelegate.swift; sourceTree = "<group>"; };
		C6992DD12301240C00E8FCAA /* Info.plist */ = {isa = PBXFileReference; lastKnownFileType = text.plist.xml; path = Info.plist; sourceTree = "<group>"; };
		C6992DDA2301258D00E8FCAA /* ViewController.swift */ = {isa = PBXFileReference; fileEncoding = 4; lastKnownFileType = sourcecode.swift; path = ViewController.swift; sourceTree = "<group>"; };
		C6992DDC2301258D00E8FCAA /* Assets.xcassets */ = {isa = PBXFileReference; lastKnownFileType = folder.assetcatalog; path = Assets.xcassets; sourceTree = "<group>"; };
		C6992DE02301258D00E8FCAA /* Base */ = {isa = PBXFileReference; lastKnownFileType = file.storyboard; name = Base; path = Base.lproj/LaunchScreen.storyboard; sourceTree = "<group>"; };
		C6992DE22301258D00E8FCAA /* Base */ = {isa = PBXFileReference; lastKnownFileType = file.storyboard; name = Base; path = Base.lproj/Main.storyboard; sourceTree = "<group>"; };
		C6992DE8230125C800E8FCAA /* ArrayExtensions.swift */ = {isa = PBXFileReference; fileEncoding = 4; lastKnownFileType = sourcecode.swift; path = ArrayExtensions.swift; sourceTree = "<group>"; };
		C6992DE9230125C800E8FCAA /* DateExtensions.swift */ = {isa = PBXFileReference; fileEncoding = 4; lastKnownFileType = sourcecode.swift; path = DateExtensions.swift; sourceTree = "<group>"; };
		C6992DEA230125C800E8FCAA /* DictionaryExtensions.swift */ = {isa = PBXFileReference; fileEncoding = 4; lastKnownFileType = sourcecode.swift; path = DictionaryExtensions.swift; sourceTree = "<group>"; };
		C6992DEB230125C800E8FCAA /* DoubleExtensions.swift */ = {isa = PBXFileReference; fileEncoding = 4; lastKnownFileType = sourcecode.swift; path = DoubleExtensions.swift; sourceTree = "<group>"; };
		C6992DEC230125C800E8FCAA /* Extension.swift */ = {isa = PBXFileReference; fileEncoding = 4; lastKnownFileType = sourcecode.swift; path = Extension.swift; sourceTree = "<group>"; };
		C6992DED230125C800E8FCAA /* ExtensionImagePickerOption.swift */ = {isa = PBXFileReference; fileEncoding = 4; lastKnownFileType = sourcecode.swift; path = ExtensionImagePickerOption.swift; sourceTree = "<group>"; };
		C6992DEE230125C800E8FCAA /* FloatExtensions.swift */ = {isa = PBXFileReference; fileEncoding = 4; lastKnownFileType = sourcecode.swift; path = FloatExtensions.swift; sourceTree = "<group>"; };
		C6992DEF230125C800E8FCAA /* IntExtensions.swift */ = {isa = PBXFileReference; fileEncoding = 4; lastKnownFileType = sourcecode.swift; path = IntExtensions.swift; sourceTree = "<group>"; };
		C6992DF0230125C800E8FCAA /* OptionalExtensions.swift */ = {isa = PBXFileReference; fileEncoding = 4; lastKnownFileType = sourcecode.swift; path = OptionalExtensions.swift; sourceTree = "<group>"; };
		C6992DF1230125C800E8FCAA /* StringExtensions.swift */ = {isa = PBXFileReference; fileEncoding = 4; lastKnownFileType = sourcecode.swift; path = StringExtensions.swift; sourceTree = "<group>"; };
		C6992DF2230125C800E8FCAA /* ViewExtension.swift */ = {isa = PBXFileReference; fileEncoding = 4; lastKnownFileType = sourcecode.swift; path = ViewExtension.swift; sourceTree = "<group>"; };
		C6992E012301266400E8FCAA /* Constants.swift */ = {isa = PBXFileReference; fileEncoding = 4; lastKnownFileType = sourcecode.swift; path = Constants.swift; sourceTree = "<group>"; };
		C6992E032301266400E8FCAA /* Global.swift */ = {isa = PBXFileReference; fileEncoding = 4; lastKnownFileType = sourcecode.swift; path = Global.swift; sourceTree = "<group>"; };
		C6992E052301266400E8FCAA /* PlaceholderTextView.swift */ = {isa = PBXFileReference; fileEncoding = 4; lastKnownFileType = sourcecode.swift; path = PlaceholderTextView.swift; sourceTree = "<group>"; };
		C6992E062301266400E8FCAA /* Utility.swift */ = {isa = PBXFileReference; fileEncoding = 4; lastKnownFileType = sourcecode.swift; path = Utility.swift; sourceTree = "<group>"; };
		C6992E14230130CF00E8FCAA /* LoginModel.swift */ = {isa = PBXFileReference; fileEncoding = 4; lastKnownFileType = sourcecode.swift; path = LoginModel.swift; sourceTree = "<group>"; };
		C6992E162301354500E8FCAA /* BasicStartUpProject-Bridging-Header.h */ = {isa = PBXFileReference; lastKnownFileType = sourcecode.c.h; path = "BasicStartUpProject-Bridging-Header.h"; sourceTree = "<group>"; };
		C6992E182301359400E8FCAA /* ApiCall.swift */ = {isa = PBXFileReference; fileEncoding = 4; lastKnownFileType = sourcecode.swift; path = ApiCall.swift; sourceTree = "<group>"; };
		C6992E192301359400E8FCAA /* MultiPart.swift */ = {isa = PBXFileReference; fileEncoding = 4; lastKnownFileType = sourcecode.swift; path = MultiPart.swift; sourceTree = "<group>"; };
		C6992E1D23014D7E00E8FCAA /* LoginVC.swift */ = {isa = PBXFileReference; lastKnownFileType = sourcecode.swift; path = LoginVC.swift; sourceTree = "<group>"; };
		C99F32CC4FAE89F68D79BF56 /* Pods-BasicStartUpProject.debug.xcconfig */ = {isa = PBXFileReference; includeInIndex = 1; lastKnownFileType = text.xcconfig; name = "Pods-BasicStartUpProject.debug.xcconfig"; path = "Pods/Target Support Files/Pods-BasicStartUpProject/Pods-BasicStartUpProject.debug.xcconfig"; sourceTree = "<group>"; };
/* End PBXFileReference section */

/* Begin PBXFrameworksBuildPhase section */
		C6992DBF230123FB00E8FCAA /* Frameworks */ = {
			isa = PBXFrameworksBuildPhase;
			buildActionMask = 2147483647;
			files = (
				5D78FE1BC8B02765E3ABE5D9 /* Pods_BasicStartUpProject.framework in Frameworks */,
			);
			runOnlyForDeploymentPostprocessing = 0;
		};
/* End PBXFrameworksBuildPhase section */

/* Begin PBXGroup section */
		14C4C70FBC77992C03AD7064 /* Pods */ = {
			isa = PBXGroup;
			children = (
				C99F32CC4FAE89F68D79BF56 /* Pods-BasicStartUpProject.debug.xcconfig */,
				0AA98162D958A48D8B4AE2CB /* Pods-BasicStartUpProject.release.xcconfig */,
			);
			name = Pods;
			sourceTree = "<group>";
		};
		BB2AF32C80DB578E38E1A1D4 /* Frameworks */ = {
			isa = PBXGroup;
			children = (
				AA93BA7B11B79214BD2BA805 /* Pods_BasicStartUpProject.framework */,
			);
			name = Frameworks;
			sourceTree = "<group>";
		};
		C6992DB9230123FA00E8FCAA = {
			isa = PBXGroup;
			children = (
				C6992DC4230123FB00E8FCAA /* BasicStartUpProject */,
				C6992DC3230123FB00E8FCAA /* Products */,
				14C4C70FBC77992C03AD7064 /* Pods */,
				BB2AF32C80DB578E38E1A1D4 /* Frameworks */,
			);
			sourceTree = "<group>";
		};
		C6992DC3230123FB00E8FCAA /* Products */ = {
			isa = PBXGroup;
			children = (
				C6992DC2230123FB00E8FCAA /* BasicStartUpProject.app */,
			);
			name = Products;
			sourceTree = "<group>";
		};
		C6992DC4230123FB00E8FCAA /* BasicStartUpProject */ = {
			isa = PBXGroup;
			children = (
				C6992DD12301240C00E8FCAA /* Info.plist */,
				C6992DD7230124F300E8FCAA /* AppDelegate */,
				C6992DDE2301258D00E8FCAA /* Design */,
				C6992DDB2301258D00E8FCAA /* Images */,
				C6992DD82301258D00E8FCAA /* Modules */,
				C6992DDD2301258D00E8FCAA /* Helper */,
			);
			path = BasicStartUpProject;
			sourceTree = "<group>";
		};
		C6992DD7230124F300E8FCAA /* AppDelegate */ = {
			isa = PBXGroup;
			children = (
				C6992DC5230123FB00E8FCAA /* AppDelegate.swift */,
			);
			path = AppDelegate;
			sourceTree = "<group>";
		};
		C6992DD82301258D00E8FCAA /* Modules */ = {
			isa = PBXGroup;
			children = (
				C6992DD92301258D00E8FCAA /* ModuleName */,
				C6992E1C23014D4F00E8FCAA /* LogIn */,
			);
			path = Modules;
			sourceTree = "<group>";
		};
		C6992DD92301258D00E8FCAA /* ModuleName */ = {
			isa = PBXGroup;
			children = (
				C6992DDA2301258D00E8FCAA /* ViewController.swift */,
			);
			path = ModuleName;
			sourceTree = "<group>";
		};
		C6992DDB2301258D00E8FCAA /* Images */ = {
			isa = PBXGroup;
			children = (
				C6992DDC2301258D00E8FCAA /* Assets.xcassets */,
			);
			path = Images;
			sourceTree = "<group>";
		};
		C6992DDD2301258D00E8FCAA /* Helper */ = {
			isa = PBXGroup;
			children = (
				C6992E172301359400E8FCAA /* ApiCall */,
				C6992DFE2301266400E8FCAA /* Utility */,
				C6992DE7230125C800E8FCAA /* Extension */,
				C6992E162301354500E8FCAA /* BasicStartUpProject-Bridging-Header.h */,
			);
			path = Helper;
			sourceTree = "<group>";
		};
		C6992DDE2301258D00E8FCAA /* Design */ = {
			isa = PBXGroup;
			children = (
				C6992DDF2301258D00E8FCAA /* LaunchScreen.storyboard */,
				C6992DE12301258D00E8FCAA /* Main.storyboard */,
			);
			path = Design;
			sourceTree = "<group>";
		};
		C6992DE7230125C800E8FCAA /* Extension */ = {
			isa = PBXGroup;
			children = (
				C6992DE8230125C800E8FCAA /* ArrayExtensions.swift */,
				C6992DE9230125C800E8FCAA /* DateExtensions.swift */,
				C6992DEA230125C800E8FCAA /* DictionaryExtensions.swift */,
				C6992DEB230125C800E8FCAA /* DoubleExtensions.swift */,
				C6992DEC230125C800E8FCAA /* Extension.swift */,
				C6992DED230125C800E8FCAA /* ExtensionImagePickerOption.swift */,
				C6992DEE230125C800E8FCAA /* FloatExtensions.swift */,
				C6992DEF230125C800E8FCAA /* IntExtensions.swift */,
				C6992DF0230125C800E8FCAA /* OptionalExtensions.swift */,
				C6992DF1230125C800E8FCAA /* StringExtensions.swift */,
				C6992DF2230125C800E8FCAA /* ViewExtension.swift */,
			);
			path = Extension;
			sourceTree = "<group>";
		};
		C6992DFE2301266400E8FCAA /* Utility */ = {
			isa = PBXGroup;
			children = (
				C6992E012301266400E8FCAA /* Constants.swift */,
				C6992E032301266400E8FCAA /* Global.swift */,
				C6992E052301266400E8FCAA /* PlaceholderTextView.swift */,
				C6992E062301266400E8FCAA /* Utility.swift */,
			);
			path = Utility;
			sourceTree = "<group>";
		};
		C6992E172301359400E8FCAA /* ApiCall */ = {
			isa = PBXGroup;
			children = (
				C6992E182301359400E8FCAA /* ApiCall.swift */,
				C6992E192301359400E8FCAA /* MultiPart.swift */,
			);
			path = ApiCall;
			sourceTree = "<group>";
		};
		C6992E1C23014D4F00E8FCAA /* LogIn */ = {
			isa = PBXGroup;
			children = (
				C6992E1D23014D7E00E8FCAA /* LoginVC.swift */,
				C6992E14230130CF00E8FCAA /* LoginModel.swift */,
			);
			path = LogIn;
			sourceTree = "<group>";
		};
/* End PBXGroup section */

/* Begin PBXNativeTarget section */
		C6992DC1230123FB00E8FCAA /* BasicStartUpProject */ = {
			isa = PBXNativeTarget;
			buildConfigurationList = C6992DD42301240C00E8FCAA /* Build configuration list for PBXNativeTarget "BasicStartUpProject" */;
			buildPhases = (
				D6023F19E3A790914B9C62AD /* [CP] Check Pods Manifest.lock */,
				C6992DBE230123FB00E8FCAA /* Sources */,
				C6992DBF230123FB00E8FCAA /* Frameworks */,
				C6992DC0230123FB00E8FCAA /* Resources */,
				9D41D03DAEF518311704A94A /* [CP] Embed Pods Frameworks */,
			);
			buildRules = (
			);
			dependencies = (
			);
			name = BasicStartUpProject;
			productName = BasicStartUpProject;
			productReference = C6992DC2230123FB00E8FCAA /* BasicStartUpProject.app */;
			productType = "com.apple.product-type.application";
		};
/* End PBXNativeTarget section */

/* Begin PBXProject section */
		C6992DBA230123FA00E8FCAA /* Project object */ = {
			isa = PBXProject;
			attributes = {
				LastSwiftUpdateCheck = 1010;
				LastUpgradeCheck = 1010;
				ORGANIZATIONNAME = Datt;
				TargetAttributes = {
					C6992DC1230123FB00E8FCAA = {
						CreatedOnToolsVersion = 10.1;
					};
				};
			};
			buildConfigurationList = C6992DBD230123FA00E8FCAA /* Build configuration list for PBXProject "BasicStartUpProject" */;
			compatibilityVersion = "Xcode 9.3";
			developmentRegion = en;
			hasScannedForEncodings = 0;
			knownRegions = (
				en,
				Base,
			);
			mainGroup = C6992DB9230123FA00E8FCAA;
			productRefGroup = C6992DC3230123FB00E8FCAA /* Products */;
			projectDirPath = "";
			projectRoot = "";
			targets = (
				C6992DC1230123FB00E8FCAA /* BasicStartUpProject */,
			);
		};
/* End PBXProject section */

/* Begin PBXResourcesBuildPhase section */
		C6992DC0230123FB00E8FCAA /* Resources */ = {
			isa = PBXResourcesBuildPhase;
			buildActionMask = 2147483647;
			files = (
				C6992DE62301258D00E8FCAA /* Main.storyboard in Resources */,
				C6992DE42301258D00E8FCAA /* Assets.xcassets in Resources */,
				C6992DE52301258D00E8FCAA /* LaunchScreen.storyboard in Resources */,
			);
			runOnlyForDeploymentPostprocessing = 0;
		};
/* End PBXResourcesBuildPhase section */

/* Begin PBXShellScriptBuildPhase section */
		9D41D03DAEF518311704A94A /* [CP] Embed Pods Frameworks */ = {
			isa = PBXShellScriptBuildPhase;
			buildActionMask = 2147483647;
			files = (
			);
			inputFileListPaths = (
				"${PODS_ROOT}/Target Support Files/Pods-BasicStartUpProject/Pods-BasicStartUpProject-frameworks-${CONFIGURATION}-input-files.xcfilelist",
			);
			name = "[CP] Embed Pods Frameworks";
			outputFileListPaths = (
				"${PODS_ROOT}/Target Support Files/Pods-BasicStartUpProject/Pods-BasicStartUpProject-frameworks-${CONFIGURATION}-output-files.xcfilelist",
			);
			runOnlyForDeploymentPostprocessing = 0;
			shellPath = /bin/sh;
			shellScript = "\"${PODS_ROOT}/Target Support Files/Pods-BasicStartUpProject/Pods-BasicStartUpProject-frameworks.sh\"\n";
			showEnvVarsInLog = 0;
		};
		D6023F19E3A790914B9C62AD /* [CP] Check Pods Manifest.lock */ = {
			isa = PBXShellScriptBuildPhase;
			buildActionMask = 2147483647;
			files = (
			);
			inputFileListPaths = (
			);
			inputPaths = (
				"${PODS_PODFILE_DIR_PATH}/Podfile.lock",
				"${PODS_ROOT}/Manifest.lock",
			);
			name = "[CP] Check Pods Manifest.lock";
			outputFileListPaths = (
			);
			outputPaths = (
				"$(DERIVED_FILE_DIR)/Pods-BasicStartUpProject-checkManifestLockResult.txt",
			);
			runOnlyForDeploymentPostprocessing = 0;
			shellPath = /bin/sh;
			shellScript = "diff \"${PODS_PODFILE_DIR_PATH}/Podfile.lock\" \"${PODS_ROOT}/Manifest.lock\" > /dev/null\nif [ $? != 0 ] ; then\n    # print error to STDERR\n    echo \"error: The sandbox is not in sync with the Podfile.lock. Run 'pod install' or update your CocoaPods installation.\" >&2\n    exit 1\nfi\n# This output is used by Xcode 'outputs' to avoid re-running this script phase.\necho \"SUCCESS\" > \"${SCRIPT_OUTPUT_FILE_0}\"\n";
			showEnvVarsInLog = 0;
		};
/* End PBXShellScriptBuildPhase section */

/* Begin PBXSourcesBuildPhase section */
		C6992DBE230123FB00E8FCAA /* Sources */ = {
			isa = PBXSourcesBuildPhase;
			buildActionMask = 2147483647;
			files = (
				C6992DFC230125C800E8FCAA /* StringExtensions.swift in Sources */,
				C6992DF5230125C800E8FCAA /* DictionaryExtensions.swift in Sources */,
				C6992E1E23014D7E00E8FCAA /* LoginVC.swift in Sources */,
				C6992DE32301258D00E8FCAA /* ViewController.swift in Sources */,
				C6992DF9230125C800E8FCAA /* FloatExtensions.swift in Sources */,
				C6992E15230130CF00E8FCAA /* LoginModel.swift in Sources */,
				C6992DFB230125C800E8FCAA /* OptionalExtensions.swift in Sources */,
				C6992DF7230125C800E8FCAA /* Extension.swift in Sources */,
				C6992DF4230125C800E8FCAA /* DateExtensions.swift in Sources */,
				C6992E092301266400E8FCAA /* Constants.swift in Sources */,
				C6992E0B2301266400E8FCAA /* Global.swift in Sources */,
				C6992DFA230125C800E8FCAA /* IntExtensions.swift in Sources */,
				C6992DF8230125C800E8FCAA /* ExtensionImagePickerOption.swift in Sources */,
				C6992E0E2301266400E8FCAA /* Utility.swift in Sources */,
				C6992E1A2301359500E8FCAA /* ApiCall.swift in Sources */,
				C6992DF3230125C800E8FCAA /* ArrayExtensions.swift in Sources */,
				C6992DF6230125C800E8FCAA /* DoubleExtensions.swift in Sources */,
				C6992E1B2301359500E8FCAA /* MultiPart.swift in Sources */,
				C6992DC6230123FB00E8FCAA /* AppDelegate.swift in Sources */,
				C6992DFD230125C800E8FCAA /* ViewExtension.swift in Sources */,
				C6992E0D2301266400E8FCAA /* PlaceholderTextView.swift in Sources */,
			);
			runOnlyForDeploymentPostprocessing = 0;
		};
/* End PBXSourcesBuildPhase section */

/* Begin PBXVariantGroup section */
		C6992DDF2301258D00E8FCAA /* LaunchScreen.storyboard */ = {
			isa = PBXVariantGroup;
			children = (
				C6992DE02301258D00E8FCAA /* Base */,
			);
			name = LaunchScreen.storyboard;
			sourceTree = "<group>";
		};
		C6992DE12301258D00E8FCAA /* Main.storyboard */ = {
			isa = PBXVariantGroup;
			children = (
				C6992DE22301258D00E8FCAA /* Base */,
			);
			name = Main.storyboard;
			sourceTree = "<group>";
		};
/* End PBXVariantGroup section */

/* Begin XCBuildConfiguration section */
		C6992DD22301240C00E8FCAA /* Debug */ = {
			isa = XCBuildConfiguration;
			buildSettings = {
				ALWAYS_SEARCH_USER_PATHS = NO;
				CLANG_ANALYZER_NONNULL = YES;
				CLANG_ANALYZER_NUMBER_OBJECT_CONVERSION = YES_AGGRESSIVE;
				CLANG_CXX_LANGUAGE_STANDARD = "gnu++14";
				CLANG_CXX_LIBRARY = "libc++";
				CLANG_ENABLE_MODULES = YES;
				CLANG_ENABLE_OBJC_ARC = YES;
				CLANG_ENABLE_OBJC_WEAK = YES;
				CLANG_WARN_BLOCK_CAPTURE_AUTORELEASING = YES;
				CLANG_WARN_BOOL_CONVERSION = YES;
				CLANG_WARN_COMMA = YES;
				CLANG_WARN_CONSTANT_CONVERSION = YES;
				CLANG_WARN_DEPRECATED_OBJC_IMPLEMENTATIONS = YES;
				CLANG_WARN_DIRECT_OBJC_ISA_USAGE = YES_ERROR;
				CLANG_WARN_DOCUMENTATION_COMMENTS = YES;
				CLANG_WARN_EMPTY_BODY = YES;
				CLANG_WARN_ENUM_CONVERSION = YES;
				CLANG_WARN_INFINITE_RECURSION = YES;
				CLANG_WARN_INT_CONVERSION = YES;
				CLANG_WARN_NON_LITERAL_NULL_CONVERSION = YES;
				CLANG_WARN_OBJC_IMPLICIT_RETAIN_SELF = YES;
				CLANG_WARN_OBJC_LITERAL_CONVERSION = YES;
				CLANG_WARN_OBJC_ROOT_CLASS = YES_ERROR;
				CLANG_WARN_RANGE_LOOP_ANALYSIS = YES;
				CLANG_WARN_STRICT_PROTOTYPES = YES;
				CLANG_WARN_SUSPICIOUS_MOVE = YES;
				CLANG_WARN_UNGUARDED_AVAILABILITY = YES_AGGRESSIVE;
				CLANG_WARN_UNREACHABLE_CODE = YES;
				CLANG_WARN__DUPLICATE_METHOD_MATCH = YES;
				CODE_SIGN_IDENTITY = "iPhone Developer";
				COPY_PHASE_STRIP = NO;
				DEBUG_INFORMATION_FORMAT = dwarf;
				ENABLE_STRICT_OBJC_MSGSEND = YES;
				ENABLE_TESTABILITY = YES;
				GCC_C_LANGUAGE_STANDARD = gnu11;
				GCC_DYNAMIC_NO_PIC = NO;
				GCC_NO_COMMON_BLOCKS = YES;
				GCC_OPTIMIZATION_LEVEL = 0;
				GCC_PREPROCESSOR_DEFINITIONS = (
					"DEBUG=1",
					"$(inherited)",
				);
				GCC_WARN_64_TO_32_BIT_CONVERSION = YES;
				GCC_WARN_ABOUT_RETURN_TYPE = YES_ERROR;
				GCC_WARN_UNDECLARED_SELECTOR = YES;
				GCC_WARN_UNINITIALIZED_AUTOS = YES_AGGRESSIVE;
				GCC_WARN_UNUSED_FUNCTION = YES;
				GCC_WARN_UNUSED_VARIABLE = YES;
				IPHONEOS_DEPLOYMENT_TARGET = 12.1;
				MTL_ENABLE_DEBUG_INFO = INCLUDE_SOURCE;
				MTL_FAST_MATH = YES;
				ONLY_ACTIVE_ARCH = YES;
				SDKROOT = iphoneos;
				SWIFT_ACTIVE_COMPILATION_CONDITIONS = DEBUG;
				SWIFT_OPTIMIZATION_LEVEL = "-Onone";
			};
			name = Debug;
		};
		C6992DD32301240C00E8FCAA /* Release */ = {
			isa = XCBuildConfiguration;
			buildSettings = {
				ALWAYS_SEARCH_USER_PATHS = NO;
				CLANG_ANALYZER_NONNULL = YES;
				CLANG_ANALYZER_NUMBER_OBJECT_CONVERSION = YES_AGGRESSIVE;
				CLANG_CXX_LANGUAGE_STANDARD = "gnu++14";
				CLANG_CXX_LIBRARY = "libc++";
				CLANG_ENABLE_MODULES = YES;
				CLANG_ENABLE_OBJC_ARC = YES;
				CLANG_ENABLE_OBJC_WEAK = YES;
				CLANG_WARN_BLOCK_CAPTURE_AUTORELEASING = YES;
				CLANG_WARN_BOOL_CONVERSION = YES;
				CLANG_WARN_COMMA = YES;
				CLANG_WARN_CONSTANT_CONVERSION = YES;
				CLANG_WARN_DEPRECATED_OBJC_IMPLEMENTATIONS = YES;
				CLANG_WARN_DIRECT_OBJC_ISA_USAGE = YES_ERROR;
				CLANG_WARN_DOCUMENTATION_COMMENTS = YES;
				CLANG_WARN_EMPTY_BODY = YES;
				CLANG_WARN_ENUM_CONVERSION = YES;
				CLANG_WARN_INFINITE_RECURSION = YES;
				CLANG_WARN_INT_CONVERSION = YES;
				CLANG_WARN_NON_LITERAL_NULL_CONVERSION = YES;
				CLANG_WARN_OBJC_IMPLICIT_RETAIN_SELF = YES;
				CLANG_WARN_OBJC_LITERAL_CONVERSION = YES;
				CLANG_WARN_OBJC_ROOT_CLASS = YES_ERROR;
				CLANG_WARN_RANGE_LOOP_ANALYSIS = YES;
				CLANG_WARN_STRICT_PROTOTYPES = YES;
				CLANG_WARN_SUSPICIOUS_MOVE = YES;
				CLANG_WARN_UNGUARDED_AVAILABILITY = YES_AGGRESSIVE;
				CLANG_WARN_UNREACHABLE_CODE = YES;
				CLANG_WARN__DUPLICATE_METHOD_MATCH = YES;
				CODE_SIGN_IDENTITY = "iPhone Developer";
				COPY_PHASE_STRIP = NO;
				DEBUG_INFORMATION_FORMAT = "dwarf-with-dsym";
				ENABLE_NS_ASSERTIONS = NO;
				ENABLE_STRICT_OBJC_MSGSEND = YES;
				GCC_C_LANGUAGE_STANDARD = gnu11;
				GCC_NO_COMMON_BLOCKS = YES;
				GCC_WARN_64_TO_32_BIT_CONVERSION = YES;
				GCC_WARN_ABOUT_RETURN_TYPE = YES_ERROR;
				GCC_WARN_UNDECLARED_SELECTOR = YES;
				GCC_WARN_UNINITIALIZED_AUTOS = YES_AGGRESSIVE;
				GCC_WARN_UNUSED_FUNCTION = YES;
				GCC_WARN_UNUSED_VARIABLE = YES;
				IPHONEOS_DEPLOYMENT_TARGET = 12.1;
				MTL_ENABLE_DEBUG_INFO = NO;
				MTL_FAST_MATH = YES;
				SDKROOT = iphoneos;
				SWIFT_COMPILATION_MODE = wholemodule;
				SWIFT_OPTIMIZATION_LEVEL = "-O";
				VALIDATE_PRODUCT = YES;
			};
			name = Release;
		};
		C6992DD52301240C00E8FCAA /* Debug */ = {
			isa = XCBuildConfiguration;
			baseConfigurationReference = C99F32CC4FAE89F68D79BF56 /* Pods-BasicStartUpProject.debug.xcconfig */;
			buildSettings = {
				ASSETCATALOG_COMPILER_APPICON_NAME = AppIcon;
				CODE_SIGN_STYLE = Manual;
				DEVELOPMENT_TEAM = "";
				INFOPLIST_FILE = BasicStartUpProject/Info.plist;
				IPHONEOS_DEPLOYMENT_TARGET = 13.0;
				LD_RUNPATH_SEARCH_PATHS = (
					"$(inherited)",
					"@executable_path/Frameworks",
				);
				PRODUCT_BUNDLE_IDENTIFIER = com.Datt.BasicStartUpProject;
				PRODUCT_NAME = "$(TARGET_NAME)";
				PROVISIONING_PROFILE_SPECIFIER = "";
				SWIFT_OBJC_BRIDGING_HEADER = "$(SRCROOT)/BasicStartUpProject/Helper/BasicStartUpProject-Bridging-Header.h";
				SWIFT_VERSION = 5.0;
				TARGETED_DEVICE_FAMILY = "1,2";
			};
			name = Debug;
		};
		C6992DD62301240C00E8FCAA /* Release */ = {
			isa = XCBuildConfiguration;
			baseConfigurationReference = 0AA98162D958A48D8B4AE2CB /* Pods-BasicStartUpProject.release.xcconfig */;
			buildSettings = {
				ASSETCATALOG_COMPILER_APPICON_NAME = AppIcon;
				CODE_SIGN_STYLE = Manual;
				DEVELOPMENT_TEAM = "";
				INFOPLIST_FILE = BasicStartUpProject/Info.plist;
				IPHONEOS_DEPLOYMENT_TARGET = 13.0;
				LD_RUNPATH_SEARCH_PATHS = (
					"$(inherited)",
					"@executable_path/Frameworks",
				);
				PRODUCT_BUNDLE_IDENTIFIER = com.Datt.BasicStartUpProject;
				PRODUCT_NAME = "$(TARGET_NAME)";
				PROVISIONING_PROFILE_SPECIFIER = "";
				SWIFT_OBJC_BRIDGING_HEADER = "$(SRCROOT)/BasicStartUpProject/Helper/BasicStartUpProject-Bridging-Header.h";
				SWIFT_VERSION = 5.0;
				TARGETED_DEVICE_FAMILY = "1,2";
			};
			name = Release;
		};
/* End XCBuildConfiguration section */

/* Begin XCConfigurationList section */
		C6992DBD230123FA00E8FCAA /* Build configuration list for PBXProject "BasicStartUpProject" */ = {
			isa = XCConfigurationList;
			buildConfigurations = (
				C6992DD22301240C00E8FCAA /* Debug */,
				C6992DD32301240C00E8FCAA /* Release */,
			);
			defaultConfigurationIsVisible = 0;
			defaultConfigurationName = Release;
		};
		C6992DD42301240C00E8FCAA /* Build configuration list for PBXNativeTarget "BasicStartUpProject" */ = {
			isa = XCConfigurationList;
			buildConfigurations = (
				C6992DD52301240C00E8FCAA /* Debug */,
				C6992DD62301240C00E8FCAA /* Release */,
			);
			defaultConfigurationIsVisible = 0;
			defaultConfigurationName = Release;
		};
/* End XCConfigurationList section */
	};
	rootObject = C6992DBA230123FA00E8FCAA /* Project object */;
}
